{
  "name": "sentra-concept-generator",
  "version": "0.1.0",
  "lockfileVersion": 3,
  "requires": true,
  "packages": {
    "": {
      "name": "sentra-concept-generator",
      "version": "0.1.0",
      "license": "UNLICENSED",
      "bin": {
        "sentra-concept-generator": "src/cli.ts"
      },
      "engines": {
        "node": ">=24"
      }
    }
  }
}
